
Microsoft Visual Studio Solution File, Format Version 12.00
# Visual Studio 14
VisualStudioVersion = 14.0.25123.0
MinimumVisualStudioVersion = 10.0.40219.1
Project("{8BC9CEB8-8B4A-11D0-8D11-00A0C91BC942}") = "Chapter1", "Chapter1\Chapter1.vcxproj", "{9B26A64D-CB94-44C6-A29A-28E8DC22BC23}"
EndProject
Project("{8BC9CEB8-8B4A-11D0-8D11-00A0C91BC942}") = "Chapter2", "Chapter2\Chapter2.vcxproj", "{484822FA-6C6A-449D-8ABB-05601A311445}"
	ProjectSection(ProjectDependencies) = postProject
		{9B26A64D-CB94-44C6-A29A-28E8DC22BC23} = {9B26A64D-CB94-44C6-A29A-28E8DC22BC23}
	EndProjectSection
EndProject
Project("{8BC9CEB8-8B4A-11D0-8D11-00A0C91BC942}") = "Chapter3", "Chapter3\Chapter3.vcxproj", "{A590D6B7-228A-4146-BB3D-262B6BAADFCE}"
EndProject
Project("{8BC9CEB8-8B4A-11D0-8D11-00A0C91BC942}") = "Chapter4", "Chapter4\Chapter4.vcxproj", "{3CFA37A5-009D-4D64-96D4-314605D46961}"
EndProject
Global
	GlobalSection(SolutionConfigurationPlatforms) = preSolution
		Debug|x64 = Debug|x64
		Debug|x86 = Debug|x86
		Release|x64 = Release|x64
		Release|x86 = Release|x86
	EndGlobalSection
	GlobalSection(ProjectConfigurationPlatforms) = postSolution
		{9B26A64D-CB94-44C6-A29A-28E8DC22BC23}.Debug|x64.ActiveCfg = Debug|x64
		{9B26A64D-CB94-44C6-A29A-28E8DC22BC23}.Debug|x64.Build.0 = Debug|x64
		{9B26A64D-CB94-44C6-A29A-28E8DC22BC23}.Debug|x86.ActiveCfg = Debug|Win32
		{9B26A64D-CB94-44C6-A29A-28E8DC22BC23}.Debug|x86.Build.0 = Debug|Win32
		{9B26A64D-CB94-44C6-A29A-28E8DC22BC23}.Release|x64.ActiveCfg = Release|x64
		{9B26A64D-CB94-44C6-A29A-28E8DC22BC23}.Release|x64.Build.0 = Release|x64
		{9B26A64D-CB94-44C6-A29A-28E8DC22BC23}.Release|x86.ActiveCfg = Release|Win32
		{9B26A64D-CB94-44C6-A29A-28E8DC22BC23}.Release|x86.Build.0 = Release|Win32
		{484822FA-6C6A-449D-8ABB-05601A311445}.Debug|x64.ActiveCfg = Debug|x64
		{484822FA-6C6A-449D-8ABB-05601A311445}.Debug|x64.Build.0 = Debug|x64
		{484822FA-6C6A-449D-8ABB-05601A311445}.Debug|x86.ActiveCfg = Debug|Win32
		{484822FA-6C6A-449D-8ABB-05601A311445}.Debug|x86.Build.0 = Debug|Win32
		{484822FA-6C6A-449D-8ABB-05601A311445}.Release|x64.ActiveCfg = Release|x64
		{484822FA-6C6A-449D-8ABB-05601A311445}.Release|x64.Build.0 = Release|x64
		{484822FA-6C6A-449D-8ABB-05601A311445}.Release|x86.ActiveCfg = Release|Win32
		{484822FA-6C6A-449D-8ABB-05601A311445}.Release|x86.Build.0 = Release|Win32
		{A590D6B7-228A-4146-BB3D-262B6BAADFCE}.Debug|x64.ActiveCfg = Debug|x64
		{A590D6B7-228A-4146-BB3D-262B6BAADFCE}.Debug|x64.Build.0 = Debug|x64
		{A590D6B7-228A-4146-BB3D-262B6BAADFCE}.Debug|x86.ActiveCfg = Debug|Win32
		{A590D6B7-228A-4146-BB3D-262B6BAADFCE}.Debug|x86.Build.0 = Debug|Win32
		{A590D6B7-228A-4146-BB3D-262B6BAADFCE}.Release|x64.ActiveCfg = Release|x64
		{A590D6B7-228A-4146-BB3D-262B6BAADFCE}.Release|x64.Build.0 = Release|x64
		{A590D6B7-228A-4146-BB3D-262B6BAADFCE}.Release|x86.ActiveCfg = Release|Win32
		{A590D6B7-228A-4146-BB3D-262B6BAADFCE}.Release|x86.Build.0 = Release|Win32
		{3CFA37A5-009D-4D64-96D4-314605D46961}.Debug|x64.ActiveCfg = Debug|x64
		{3CFA37A5-009D-4D64-96D4-314605D46961}.Debug|x64.Build.0 = Debug|x64
		{3CFA37A5-009D-4D64-96D4-314605D46961}.Debug|x86.ActiveCfg = Debug|Win32
		{3CFA37A5-009D-4D64-96D4-314605D46961}.Debug|x86.Build.0 = Debug|Win32
		{3CFA37A5-009D-4D64-96D4-314605D46961}.Release|x64.ActiveCfg = Release|x64
		{3CFA37A5-009D-4D64-96D4-314605D46961}.Release|x64.Build.0 = Release|x64
		{3CFA37A5-009D-4D64-96D4-314605D46961}.Release|x86.ActiveCfg = Release|Win32
		{3CFA37A5-009D-4D64-96D4-314605D46961}.Release|x86.Build.0 = Release|Win32
	EndGlobalSection
	GlobalSection(SolutionProperties) = preSolution
		HideSolutionNode = FALSE
	EndGlobalSection
EndGlobal
